
Microsoft Visual Studio Solution File, Format Version 12.00
# Visual Studio Version 17
VisualStudioVersion = 17.5.33530.505
MinimumVisualStudioVersion = 15.0.26124.0
Project("{2150E333-8FDC-42A3-9474-1A3956D46DE8}") = "SolutionItems", "SolutionItems", "{49BC1DFB-828F-49F4-B2B4-752AB470481D}"
	ProjectSection(SolutionItems) = preProject
		appveyor.yml = appveyor.yml
		build.cake = build.cake
		CHANGES.txt = CHANGES.txt
		GitReleaseManager.yaml = GitReleaseManager.yaml
		GitVersion.yml = GitVersion.yml
		LICENSE.txt = LICENSE.txt
		NuGet.config = NuGet.config
		VERIFICATION.txt = VERIFICATION.txt
	EndProjectSection
EndProject
Project("{9A19103F-16F7-4668-BE54-9A1E7A4F7556}") = "net40-agent-launcher", "src\launcher\net40-agent-launcher.csproj", "{49758F00-C027-44A1-897F-C05862AD7BFA}"
EndProject
Project("{9A19103F-16F7-4668-BE54-9A1E7A4F7556}") = "mock-assembly", "src\mock-assembly\mock-assembly.csproj", "{3E97A2DE-38A5-4894-AF31-7C32F49E6759}"
EndProject
Project("{2150E333-8FDC-42A3-9474-1A3956D46DE8}") = "nuget", "nuget", "{68E72A39-0B0F-47DC-93F3-19E55A9C721C}"
	ProjectSection(SolutionItems) = preProject
		nuget\Net40PluggableAgent.nuspec = nuget\Net40PluggableAgent.nuspec
	EndProjectSection
EndProject
Project("{2150E333-8FDC-42A3-9474-1A3956D46DE8}") = "choco", "choco", "{7679FD0F-A828-4151-805E-6C662EFBFFE5}"
	ProjectSection(SolutionItems) = preProject
		choco\net40-pluggable-agent.nuspec = choco\net40-pluggable-agent.nuspec
	EndProjectSection
EndProject
Project("{9A19103F-16F7-4668-BE54-9A1E7A4F7556}") = "net40-agent", "src\net40-agent\net40-agent.csproj", "{47B29CC1-B555-4208-8645-CE46FAE94834}"
EndProject
Project("{9A19103F-16F7-4668-BE54-9A1E7A4F7556}") = "net40-agent-x86", "src\net40-agent-x86\net40-agent-x86.csproj", "{96D10411-4B16-4417-854A-F71172DA2A1B}"
EndProject
Project("{9A19103F-16F7-4668-BE54-9A1E7A4F7556}") = "net40-agent-launcher.tests", "src\tests\net40-agent-launcher.tests.csproj", "{8624DCC0-B58F-4D3E-88FA-FD173F742E08}"
EndProject
Project("{9A19103F-16F7-4668-BE54-9A1E7A4F7556}") = "net40-agent.tests", "src\net40-agent-tests\net40-agent.tests.csproj", "{E22D200F-A2C3-4626-A92E-805AC34B7138}"
EndProject
Global
	GlobalSection(SolutionConfigurationPlatforms) = preSolution
		Debug|Any CPU = Debug|Any CPU
		Debug|x64 = Debug|x64
		Debug|x86 = Debug|x86
		Release|Any CPU = Release|Any CPU
		Release|x64 = Release|x64
		Release|x86 = Release|x86
	EndGlobalSection
	GlobalSection(ProjectConfigurationPlatforms) = postSolution
		{49758F00-C027-44A1-897F-C05862AD7BFA}.Debug|Any CPU.ActiveCfg = Debug|Any CPU
		{49758F00-C027-44A1-897F-C05862AD7BFA}.Debug|Any CPU.Build.0 = Debug|Any CPU
		{49758F00-C027-44A1-897F-C05862AD7BFA}.Debug|x64.ActiveCfg = Debug|Any CPU
		{49758F00-C027-44A1-897F-C05862AD7BFA}.Debug|x64.Build.0 = Debug|Any CPU
		{49758F00-C027-44A1-897F-C05862AD7BFA}.Debug|x86.ActiveCfg = Debug|Any CPU
		{49758F00-C027-44A1-897F-C05862AD7BFA}.Debug|x86.Build.0 = Debug|Any CPU
		{49758F00-C027-44A1-897F-C05862AD7BFA}.Release|Any CPU.ActiveCfg = Release|Any CPU
		{49758F00-C027-44A1-897F-C05862AD7BFA}.Release|Any CPU.Build.0 = Release|Any CPU
		{49758F00-C027-44A1-897F-C05862AD7BFA}.Release|x64.ActiveCfg = Release|Any CPU
		{49758F00-C027-44A1-897F-C05862AD7BFA}.Release|x64.Build.0 = Release|Any CPU
		{49758F00-C027-44A1-897F-C05862AD7BFA}.Release|x86.ActiveCfg = Release|Any CPU
		{49758F00-C027-44A1-897F-C05862AD7BFA}.Release|x86.Build.0 = Release|Any CPU
		{3E97A2DE-38A5-4894-AF31-7C32F49E6759}.Debug|Any CPU.ActiveCfg = Debug|Any CPU
		{3E97A2DE-38A5-4894-AF31-7C32F49E6759}.Debug|Any CPU.Build.0 = Debug|Any CPU
		{3E97A2DE-38A5-4894-AF31-7C32F49E6759}.Debug|x64.ActiveCfg = Debug|Any CPU
		{3E97A2DE-38A5-4894-AF31-7C32F49E6759}.Debug|x64.Build.0 = Debug|Any CPU
		{3E97A2DE-38A5-4894-AF31-7C32F49E6759}.Debug|x86.ActiveCfg = Debug|Any CPU
		{3E97A2DE-38A5-4894-AF31-7C32F49E6759}.Debug|x86.Build.0 = Debug|Any CPU
		{3E97A2DE-38A5-4894-AF31-7C32F49E6759}.Release|Any CPU.ActiveCfg = Release|Any CPU
		{3E97A2DE-38A5-4894-AF31-7C32F49E6759}.Release|Any CPU.Build.0 = Release|Any CPU
		{3E97A2DE-38A5-4894-AF31-7C32F49E6759}.Release|x64.ActiveCfg = Release|Any CPU
		{3E97A2DE-38A5-4894-AF31-7C32F49E6759}.Release|x64.Build.0 = Release|Any CPU
		{3E97A2DE-38A5-4894-AF31-7C32F49E6759}.Release|x86.ActiveCfg = Release|Any CPU
		{3E97A2DE-38A5-4894-AF31-7C32F49E6759}.Release|x86.Build.0 = Release|Any CPU
		{47B29CC1-B555-4208-8645-CE46FAE94834}.Debug|Any CPU.ActiveCfg = Debug|Any CPU
		{47B29CC1-B555-4208-8645-CE46FAE94834}.Debug|Any CPU.Build.0 = Debug|Any CPU
		{47B29CC1-B555-4208-8645-CE46FAE94834}.Debug|x64.ActiveCfg = Debug|Any CPU
		{47B29CC1-B555-4208-8645-CE46FAE94834}.Debug|x64.Build.0 = Debug|Any CPU
		{47B29CC1-B555-4208-8645-CE46FAE94834}.Debug|x86.ActiveCfg = Debug|Any CPU
		{47B29CC1-B555-4208-8645-CE46FAE94834}.Debug|x86.Build.0 = Debug|Any CPU
		{47B29CC1-B555-4208-8645-CE46FAE94834}.Release|Any CPU.ActiveCfg = Release|Any CPU
		{47B29CC1-B555-4208-8645-CE46FAE94834}.Release|Any CPU.Build.0 = Release|Any CPU
		{47B29CC1-B555-4208-8645-CE46FAE94834}.Release|x64.ActiveCfg = Release|Any CPU
		{47B29CC1-B555-4208-8645-CE46FAE94834}.Release|x64.Build.0 = Release|Any CPU
		{47B29CC1-B555-4208-8645-CE46FAE94834}.Release|x86.ActiveCfg = Release|Any CPU
		{47B29CC1-B555-4208-8645-CE46FAE94834}.Release|x86.Build.0 = Release|Any CPU
		{96D10411-4B16-4417-854A-F71172DA2A1B}.Debug|Any CPU.ActiveCfg = Debug|Any CPU
		{96D10411-4B16-4417-854A-F71172DA2A1B}.Debug|Any CPU.Build.0 = Debug|Any CPU
		{96D10411-4B16-4417-854A-F71172DA2A1B}.Debug|x64.ActiveCfg = Debug|Any CPU
		{96D10411-4B16-4417-854A-F71172DA2A1B}.Debug|x64.Build.0 = Debug|Any CPU
		{96D10411-4B16-4417-854A-F71172DA2A1B}.Debug|x86.ActiveCfg = Debug|Any CPU
		{96D10411-4B16-4417-854A-F71172DA2A1B}.Debug|x86.Build.0 = Debug|Any CPU
		{96D10411-4B16-4417-854A-F71172DA2A1B}.Release|Any CPU.ActiveCfg = Release|Any CPU
		{96D10411-4B16-4417-854A-F71172DA2A1B}.Release|Any CPU.Build.0 = Release|Any CPU
		{96D10411-4B16-4417-854A-F71172DA2A1B}.Release|x64.ActiveCfg = Release|Any CPU
		{96D10411-4B16-4417-854A-F71172DA2A1B}.Release|x64.Build.0 = Release|Any CPU
		{96D10411-4B16-4417-854A-F71172DA2A1B}.Release|x86.ActiveCfg = Release|Any CPU
		{96D10411-4B16-4417-854A-F71172DA2A1B}.Release|x86.Build.0 = Release|Any CPU
		{8624DCC0-B58F-4D3E-88FA-FD173F742E08}.Debug|Any CPU.ActiveCfg = Debug|Any CPU
		{8624DCC0-B58F-4D3E-88FA-FD173F742E08}.Debug|Any CPU.Build.0 = Debug|Any CPU
		{8624DCC0-B58F-4D3E-88FA-FD173F742E08}.Debug|x64.ActiveCfg = Debug|Any CPU
		{8624DCC0-B58F-4D3E-88FA-FD173F742E08}.Debug|x64.Build.0 = Debug|Any CPU
		{8624DCC0-B58F-4D3E-88FA-FD173F742E08}.Debug|x86.ActiveCfg = Debug|Any CPU
		{8624DCC0-B58F-4D3E-88FA-FD173F742E08}.Debug|x86.Build.0 = Debug|Any CPU
		{8624DCC0-B58F-4D3E-88FA-FD173F742E08}.Release|Any CPU.ActiveCfg = Release|Any CPU
		{8624DCC0-B58F-4D3E-88FA-FD173F742E08}.Release|Any CPU.Build.0 = Release|Any CPU
		{8624DCC0-B58F-4D3E-88FA-FD173F742E08}.Release|x64.ActiveCfg = Release|Any CPU
		{8624DCC0-B58F-4D3E-88FA-FD173F742E08}.Release|x64.Build.0 = Release|Any CPU
		{8624DCC0-B58F-4D3E-88FA-FD173F742E08}.Release|x86.ActiveCfg = Release|Any CPU
		{8624DCC0-B58F-4D3E-88FA-FD173F742E08}.Release|x86.Build.0 = Release|Any CPU
		{E22D200F-A2C3-4626-A92E-805AC34B7138}.Debug|Any CPU.ActiveCfg = Debug|Any CPU
		{E22D200F-A2C3-4626-A92E-805AC34B7138}.Debug|Any CPU.Build.0 = Debug|Any CPU
		{E22D200F-A2C3-4626-A92E-805AC34B7138}.Debug|x64.ActiveCfg = Debug|Any CPU
		{E22D200F-A2C3-4626-A92E-805AC34B7138}.Debug|x64.Build.0 = Debug|Any CPU
		{E22D200F-A2C3-4626-A92E-805AC34B7138}.Debug|x86.ActiveCfg = Debug|Any CPU
		{E22D200F-A2C3-4626-A92E-805AC34B7138}.Debug|x86.Build.0 = Debug|Any CPU
		{E22D200F-A2C3-4626-A92E-805AC34B7138}.Release|Any CPU.ActiveCfg = Release|Any CPU
		{E22D200F-A2C3-4626-A92E-805AC34B7138}.Release|Any CPU.Build.0 = Release|Any CPU
		{E22D200F-A2C3-4626-A92E-805AC34B7138}.Release|x64.ActiveCfg = Release|Any CPU
		{E22D200F-A2C3-4626-A92E-805AC34B7138}.Release|x64.Build.0 = Release|Any CPU
		{E22D200F-A2C3-4626-A92E-805AC34B7138}.Release|x86.ActiveCfg = Release|Any CPU
		{E22D200F-A2C3-4626-A92E-805AC34B7138}.Release|x86.Build.0 = Release|Any CPU
	EndGlobalSection
	GlobalSection(SolutionProperties) = preSolution
		HideSolutionNode = FALSE
	EndGlobalSection
	GlobalSection(NestedProjects) = preSolution
		{68E72A39-0B0F-47DC-93F3-19E55A9C721C} = {49BC1DFB-828F-49F4-B2B4-752AB470481D}
		{7679FD0F-A828-4151-805E-6C662EFBFFE5} = {49BC1DFB-828F-49F4-B2B4-752AB470481D}
	EndGlobalSection
	GlobalSection(ExtensibilityGlobals) = postSolution
		SolutionGuid = {CAB7BD1E-1034-47CD-AA8E-FD4AC034193B}
	EndGlobalSection
EndGlobal
